
Microsoft Visual Studio Solution File, Format Version 12.00
# Visual Studio Version 17
VisualStudioVersion = 17.14.36212.18
MinimumVisualStudioVersion = 10.0.40219.1
Project("{2150E333-8FDC-42A3-9474-1A3956D46DE8}") = "Class projects", "Class projects", "{7A4C05E0-4FF7-B8EC-2124-E708496D3B03}"
EndProject
Project("{FAE04EC0-301F-11D3-BF4B-00C04F79EFBC}") = "SecretsLibrary1", "SecretsLibrary1\SecretsLibrary1.csproj", "{F53E3D9B-5F17-4208-BF0D-7270D8654720}"
EndProject
Project("{FAE04EC0-301F-11D3-BF4B-00C04F79EFBC}") = "SecretsModelsLibrary", "SecretsModelsLibrary\SecretsModelsLibrary.csproj", "{037EFA98-D9D6-4730-8B16-04BA81FA319A}"
EndProject
Project("{FAE04EC0-301F-11D3-BF4B-00C04F79EFBC}") = "SampleApp1", "SampleApp1\SampleApp1.csproj", "{F1F82778-EBF4-488E-A4C3-974790BA925D}"
EndProject
Project("{2150E333-8FDC-42A3-9474-1A3956D46DE8}") = "Solution Items", "Solution Items", "{089100B1-113F-4E66-888A-E83F3999EAFD}"
	ProjectSection(SolutionItems) = preProject
		readme.md = readme.md
	EndProjectSection
EndProject
Project("{FAE04EC0-301F-11D3-BF4B-00C04F79EFBC}") = "SecretManager1", "SecretManager1\SecretManager1.csproj", "{EFDFE611-B5E1-B0AF-46FF-855DBCCE32B1}"
EndProject
Project("{2150E333-8FDC-42A3-9474-1A3956D46DE8}") = "Front ends", "Front ends", "{2555B75E-1E18-802B-0B79-2866EC82BEAA}"
EndProject
Project("{2150E333-8FDC-42A3-9474-1A3956D46DE8}") = "Console projects", "Console projects", "{AA4AC295-CE64-E31A-17A1-FE18EDFB6D70}"
EndProject
Project("{2150E333-8FDC-42A3-9474-1A3956D46DE8}") = "Web projects", "Web projects", "{E4FED014-A3C9-FE12-B87D-284C4F365007}"
EndProject
Project("{2150E333-8FDC-42A3-9474-1A3956D46DE8}") = "Forms projects", "Forms projects", "{C687F724-797E-7D60-8438-5A0596D84E44}"
EndProject
Project("{FAE04EC0-301F-11D3-BF4B-00C04F79EFBC}") = "SampleApp2", "SampleApp2\SampleApp2.csproj", "{42836CB5-8C03-4FA7-9D2E-07E5E0CBFABD}"
EndProject
Project("{FAE04EC0-301F-11D3-BF4B-00C04F79EFBC}") = "SampleApp3", "SampleApp3\SampleApp3.csproj", "{C26DABE3-03D4-4D7D-A623-2D3F637209F5}"
EndProject
Project("{2150E333-8FDC-42A3-9474-1A3956D46DE8}") = "WPF", "WPF", "{C99D13B1-D101-F59F-2F35-234E6055CAE6}"
EndProject
Project("{FAE04EC0-301F-11D3-BF4B-00C04F79EFBC}") = "SampleApp0", "SampleApp0\SampleApp0.csproj", "{EE7568B8-60C1-4D6D-BE42-E884DD4851C2}"
EndProject
Project("{FAE04EC0-301F-11D3-BF4B-00C04F79EFBC}") = "SampleApp5", "SampleApp5\SampleApp5.csproj", "{B01E0800-1208-440D-BFBB-D2EB9D9D0DB7}"
EndProject
Project("{FAE04EC0-301F-11D3-BF4B-00C04F79EFBC}") = "TeamsSecretsLibrary", "TeamsSecretsLibrary\TeamsSecretsLibrary.csproj", "{E8E5AA36-0C60-4DE5-83DA-5B5A03921443}"
EndProject
Project("{FAE04EC0-301F-11D3-BF4B-00C04F79EFBC}") = "SampleApp6", "SampleApp6\SampleApp6.csproj", "{7BBF6298-5BCA-4F6D-82EE-891FB85C1CE4}"
EndProject
Project("{FAE04EC0-301F-11D3-BF4B-00C04F79EFBC}") = "UsesLocalPackageApp", "UsesLocalPackageApp\UsesLocalPackageApp.csproj", "{7F638055-1C28-4CAD-9603-134D91CF6623}"
EndProject
Global
	GlobalSection(SolutionConfigurationPlatforms) = preSolution
		Debug|Any CPU = Debug|Any CPU
		Release|Any CPU = Release|Any CPU
	EndGlobalSection
	GlobalSection(ProjectConfigurationPlatforms) = postSolution
		{F53E3D9B-5F17-4208-BF0D-7270D8654720}.Debug|Any CPU.ActiveCfg = Debug|Any CPU
		{F53E3D9B-5F17-4208-BF0D-7270D8654720}.Debug|Any CPU.Build.0 = Debug|Any CPU
		{F53E3D9B-5F17-4208-BF0D-7270D8654720}.Release|Any CPU.ActiveCfg = Release|Any CPU
		{F53E3D9B-5F17-4208-BF0D-7270D8654720}.Release|Any CPU.Build.0 = Release|Any CPU
		{037EFA98-D9D6-4730-8B16-04BA81FA319A}.Debug|Any CPU.ActiveCfg = Debug|Any CPU
		{037EFA98-D9D6-4730-8B16-04BA81FA319A}.Debug|Any CPU.Build.0 = Debug|Any CPU
		{037EFA98-D9D6-4730-8B16-04BA81FA319A}.Release|Any CPU.ActiveCfg = Release|Any CPU
		{037EFA98-D9D6-4730-8B16-04BA81FA319A}.Release|Any CPU.Build.0 = Release|Any CPU
		{F1F82778-EBF4-488E-A4C3-974790BA925D}.Debug|Any CPU.ActiveCfg = Debug|Any CPU
		{F1F82778-EBF4-488E-A4C3-974790BA925D}.Debug|Any CPU.Build.0 = Debug|Any CPU
		{F1F82778-EBF4-488E-A4C3-974790BA925D}.Release|Any CPU.ActiveCfg = Release|Any CPU
		{F1F82778-EBF4-488E-A4C3-974790BA925D}.Release|Any CPU.Build.0 = Release|Any CPU
		{EFDFE611-B5E1-B0AF-46FF-855DBCCE32B1}.Debug|Any CPU.ActiveCfg = Debug|Any CPU
		{EFDFE611-B5E1-B0AF-46FF-855DBCCE32B1}.Debug|Any CPU.Build.0 = Debug|Any CPU
		{EFDFE611-B5E1-B0AF-46FF-855DBCCE32B1}.Release|Any CPU.ActiveCfg = Release|Any CPU
		{EFDFE611-B5E1-B0AF-46FF-855DBCCE32B1}.Release|Any CPU.Build.0 = Release|Any CPU
		{42836CB5-8C03-4FA7-9D2E-07E5E0CBFABD}.Debug|Any CPU.ActiveCfg = Debug|Any CPU
		{42836CB5-8C03-4FA7-9D2E-07E5E0CBFABD}.Debug|Any CPU.Build.0 = Debug|Any CPU
		{42836CB5-8C03-4FA7-9D2E-07E5E0CBFABD}.Release|Any CPU.ActiveCfg = Release|Any CPU
		{42836CB5-8C03-4FA7-9D2E-07E5E0CBFABD}.Release|Any CPU.Build.0 = Release|Any CPU
		{C26DABE3-03D4-4D7D-A623-2D3F637209F5}.Debug|Any CPU.ActiveCfg = Debug|Any CPU
		{C26DABE3-03D4-4D7D-A623-2D3F637209F5}.Debug|Any CPU.Build.0 = Debug|Any CPU
		{C26DABE3-03D4-4D7D-A623-2D3F637209F5}.Release|Any CPU.ActiveCfg = Release|Any CPU
		{C26DABE3-03D4-4D7D-A623-2D3F637209F5}.Release|Any CPU.Build.0 = Release|Any CPU
		{EE7568B8-60C1-4D6D-BE42-E884DD4851C2}.Debug|Any CPU.ActiveCfg = Debug|Any CPU
		{EE7568B8-60C1-4D6D-BE42-E884DD4851C2}.Debug|Any CPU.Build.0 = Debug|Any CPU
		{EE7568B8-60C1-4D6D-BE42-E884DD4851C2}.Release|Any CPU.ActiveCfg = Release|Any CPU
		{EE7568B8-60C1-4D6D-BE42-E884DD4851C2}.Release|Any CPU.Build.0 = Release|Any CPU
		{B01E0800-1208-440D-BFBB-D2EB9D9D0DB7}.Debug|Any CPU.ActiveCfg = Debug|Any CPU
		{B01E0800-1208-440D-BFBB-D2EB9D9D0DB7}.Debug|Any CPU.Build.0 = Debug|Any CPU
		{B01E0800-1208-440D-BFBB-D2EB9D9D0DB7}.Release|Any CPU.ActiveCfg = Release|Any CPU
		{B01E0800-1208-440D-BFBB-D2EB9D9D0DB7}.Release|Any CPU.Build.0 = Release|Any CPU
		{E8E5AA36-0C60-4DE5-83DA-5B5A03921443}.Debug|Any CPU.ActiveCfg = Debug|Any CPU
		{E8E5AA36-0C60-4DE5-83DA-5B5A03921443}.Debug|Any CPU.Build.0 = Debug|Any CPU
		{E8E5AA36-0C60-4DE5-83DA-5B5A03921443}.Release|Any CPU.ActiveCfg = Release|Any CPU
		{E8E5AA36-0C60-4DE5-83DA-5B5A03921443}.Release|Any CPU.Build.0 = Release|Any CPU
		{7BBF6298-5BCA-4F6D-82EE-891FB85C1CE4}.Debug|Any CPU.ActiveCfg = Debug|Any CPU
		{7BBF6298-5BCA-4F6D-82EE-891FB85C1CE4}.Debug|Any CPU.Build.0 = Debug|Any CPU
		{7BBF6298-5BCA-4F6D-82EE-891FB85C1CE4}.Release|Any CPU.ActiveCfg = Release|Any CPU
		{7BBF6298-5BCA-4F6D-82EE-891FB85C1CE4}.Release|Any CPU.Build.0 = Release|Any CPU
		{7F638055-1C28-4CAD-9603-134D91CF6623}.Debug|Any CPU.ActiveCfg = Debug|Any CPU
		{7F638055-1C28-4CAD-9603-134D91CF6623}.Debug|Any CPU.Build.0 = Debug|Any CPU
		{7F638055-1C28-4CAD-9603-134D91CF6623}.Release|Any CPU.ActiveCfg = Release|Any CPU
		{7F638055-1C28-4CAD-9603-134D91CF6623}.Release|Any CPU.Build.0 = Release|Any CPU
	EndGlobalSection
	GlobalSection(SolutionProperties) = preSolution
		HideSolutionNode = FALSE
	EndGlobalSection
	GlobalSection(NestedProjects) = preSolution
		{F53E3D9B-5F17-4208-BF0D-7270D8654720} = {7A4C05E0-4FF7-B8EC-2124-E708496D3B03}
		{037EFA98-D9D6-4730-8B16-04BA81FA319A} = {7A4C05E0-4FF7-B8EC-2124-E708496D3B03}
		{F1F82778-EBF4-488E-A4C3-974790BA925D} = {AA4AC295-CE64-E31A-17A1-FE18EDFB6D70}
		{EFDFE611-B5E1-B0AF-46FF-855DBCCE32B1} = {E4FED014-A3C9-FE12-B87D-284C4F365007}
		{AA4AC295-CE64-E31A-17A1-FE18EDFB6D70} = {2555B75E-1E18-802B-0B79-2866EC82BEAA}
		{E4FED014-A3C9-FE12-B87D-284C4F365007} = {2555B75E-1E18-802B-0B79-2866EC82BEAA}
		{C687F724-797E-7D60-8438-5A0596D84E44} = {2555B75E-1E18-802B-0B79-2866EC82BEAA}
		{42836CB5-8C03-4FA7-9D2E-07E5E0CBFABD} = {C687F724-797E-7D60-8438-5A0596D84E44}
		{C26DABE3-03D4-4D7D-A623-2D3F637209F5} = {C99D13B1-D101-F59F-2F35-234E6055CAE6}
		{C99D13B1-D101-F59F-2F35-234E6055CAE6} = {2555B75E-1E18-802B-0B79-2866EC82BEAA}
		{EE7568B8-60C1-4D6D-BE42-E884DD4851C2} = {AA4AC295-CE64-E31A-17A1-FE18EDFB6D70}
		{B01E0800-1208-440D-BFBB-D2EB9D9D0DB7} = {E4FED014-A3C9-FE12-B87D-284C4F365007}
		{E8E5AA36-0C60-4DE5-83DA-5B5A03921443} = {7A4C05E0-4FF7-B8EC-2124-E708496D3B03}
		{7BBF6298-5BCA-4F6D-82EE-891FB85C1CE4} = {AA4AC295-CE64-E31A-17A1-FE18EDFB6D70}
		{7F638055-1C28-4CAD-9603-134D91CF6623} = {AA4AC295-CE64-E31A-17A1-FE18EDFB6D70}
	EndGlobalSection
	GlobalSection(ExtensibilityGlobals) = postSolution
		SolutionGuid = {1A104D0D-9003-4BC2-8B5A-898A8150783E}
	EndGlobalSection
EndGlobal
